
Microsoft Visual Studio Solution File, Format Version 12.00
# Visual Studio 15
VisualStudioVersion = 15.0.27130.2036
MinimumVisualStudioVersion = 10.0.40219.1
Project("{00D1A9C2-B5F0-4AF3-8072-F6C62B433612}") = "NileDatabase", "NileDatabase\NileDatabase.sqlproj", "{56C0ADF1-90E3-4E66-998C-20FE50D88A2D}"
EndProject
Project("{FAE04EC0-301F-11D3-BF4B-00C04F79EFBC}") = "Nile.Core", "Nile.Core\Nile.Core.csproj", "{4CEB2977-0553-4F10-9B51-4C72680B3DD9}"
EndProject
Project("{FAE04EC0-301F-11D3-BF4B-00C04F79EFBC}") = "Nile.Data.Sql", "Nile.Data.Sql\Nile.Data.Sql.csproj", "{4DC14B49-BC75-4593-9BA7-1B2985C65D62}"
EndProject
Project("{FAE04EC0-301F-11D3-BF4B-00C04F79EFBC}") = "Nile.Web", "Nile.Web\Nile.Web.csproj", "{63837147-6CD3-4FE0-8EA0-C6FABD8C3D00}"
EndProject
Global
	GlobalSection(SolutionConfigurationPlatforms) = preSolution
		Debug|Any CPU = Debug|Any CPU
		Release|Any CPU = Release|Any CPU
	EndGlobalSection
	GlobalSection(ProjectConfigurationPlatforms) = postSolution
		{56C0ADF1-90E3-4E66-998C-20FE50D88A2D}.Debug|Any CPU.ActiveCfg = Debug|Any CPU
		{56C0ADF1-90E3-4E66-998C-20FE50D88A2D}.Debug|Any CPU.Build.0 = Debug|Any CPU
		{56C0ADF1-90E3-4E66-998C-20FE50D88A2D}.Debug|Any CPU.Deploy.0 = Debug|Any CPU
		{56C0ADF1-90E3-4E66-998C-20FE50D88A2D}.Release|Any CPU.ActiveCfg = Release|Any CPU
		{56C0ADF1-90E3-4E66-998C-20FE50D88A2D}.Release|Any CPU.Build.0 = Release|Any CPU
		{56C0ADF1-90E3-4E66-998C-20FE50D88A2D}.Release|Any CPU.Deploy.0 = Release|Any CPU
		{4CEB2977-0553-4F10-9B51-4C72680B3DD9}.Debug|Any CPU.ActiveCfg = Debug|Any CPU
		{4CEB2977-0553-4F10-9B51-4C72680B3DD9}.Debug|Any CPU.Build.0 = Debug|Any CPU
		{4CEB2977-0553-4F10-9B51-4C72680B3DD9}.Release|Any CPU.ActiveCfg = Release|Any CPU
		{4CEB2977-0553-4F10-9B51-4C72680B3DD9}.Release|Any CPU.Build.0 = Release|Any CPU
		{4DC14B49-BC75-4593-9BA7-1B2985C65D62}.Debug|Any CPU.ActiveCfg = Debug|Any CPU
		{4DC14B49-BC75-4593-9BA7-1B2985C65D62}.Debug|Any CPU.Build.0 = Debug|Any CPU
		{4DC14B49-BC75-4593-9BA7-1B2985C65D62}.Release|Any CPU.ActiveCfg = Release|Any CPU
		{4DC14B49-BC75-4593-9BA7-1B2985C65D62}.Release|Any CPU.Build.0 = Release|Any CPU
		{63837147-6CD3-4FE0-8EA0-C6FABD8C3D00}.Debug|Any CPU.ActiveCfg = Debug|Any CPU
		{63837147-6CD3-4FE0-8EA0-C6FABD8C3D00}.Debug|Any CPU.Build.0 = Debug|Any CPU
		{63837147-6CD3-4FE0-8EA0-C6FABD8C3D00}.Release|Any CPU.ActiveCfg = Release|Any CPU
		{63837147-6CD3-4FE0-8EA0-C6FABD8C3D00}.Release|Any CPU.Build.0 = Release|Any CPU
	EndGlobalSection
	GlobalSection(SolutionProperties) = preSolution
		HideSolutionNode = FALSE
	EndGlobalSection
	GlobalSection(ExtensibilityGlobals) = postSolution
		SolutionGuid = {B2E073B6-4C3C-4BAC-A4D2-23B35F7FEF32}
	EndGlobalSection
EndGlobal
