
Microsoft Visual Studio Solution File, Format Version 12.00
# Visual Studio 15
VisualStudioVersion = 15.0.27130.2024
MinimumVisualStudioVersion = 10.0.40219.1
Project("{FAE04EC0-301F-11D3-BF4B-00C04F79EFBC}") = "CadeSchlaelfi.ToDo.Windows", "CadeSchlaelfi.ToDo.Windows\CadeSchlaelfi.ToDo.Windows.csproj", "{2508A676-9809-4078-B1F8-E876E893D50C}"
EndProject
Project("{FAE04EC0-301F-11D3-BF4B-00C04F79EFBC}") = "CadeSchlaefli.ToDo", "CadeSchlaefli.ToDo\CadeSchlaefli.ToDo.csproj", "{91683230-F52B-4D79-BD6B-7DEED5B84752}"
EndProject
Global
	GlobalSection(SolutionConfigurationPlatforms) = preSolution
		Debug|Any CPU = Debug|Any CPU
		Release|Any CPU = Release|Any CPU
	EndGlobalSection
	GlobalSection(ProjectConfigurationPlatforms) = postSolution
		{2508A676-9809-4078-B1F8-E876E893D50C}.Debug|Any CPU.ActiveCfg = Debug|Any CPU
		{2508A676-9809-4078-B1F8-E876E893D50C}.Debug|Any CPU.Build.0 = Debug|Any CPU
		{2508A676-9809-4078-B1F8-E876E893D50C}.Release|Any CPU.ActiveCfg = Release|Any CPU
		{2508A676-9809-4078-B1F8-E876E893D50C}.Release|Any CPU.Build.0 = Release|Any CPU
		{91683230-F52B-4D79-BD6B-7DEED5B84752}.Debug|Any CPU.ActiveCfg = Debug|Any CPU
		{91683230-F52B-4D79-BD6B-7DEED5B84752}.Debug|Any CPU.Build.0 = Debug|Any CPU
		{91683230-F52B-4D79-BD6B-7DEED5B84752}.Release|Any CPU.ActiveCfg = Release|Any CPU
		{91683230-F52B-4D79-BD6B-7DEED5B84752}.Release|Any CPU.Build.0 = Release|Any CPU
	EndGlobalSection
	GlobalSection(SolutionProperties) = preSolution
		HideSolutionNode = FALSE
	EndGlobalSection
	GlobalSection(ExtensibilityGlobals) = postSolution
		SolutionGuid = {1E0E3FFA-5EC4-4683-BBA0-F22C158256C3}
	EndGlobalSection
EndGlobal
