
Microsoft Visual Studio Solution File, Format Version 12.00
# Visual Studio 15
VisualStudioVersion = 15.0.27130.2036
MinimumVisualStudioVersion = 10.0.40219.1
Project("{FAE04EC0-301F-11D3-BF4B-00C04F79EFBC}") = "CadeSchlaefli.MovieLib.Windows", "CadeSchlaefli.MovieLib.Windows\CadeSchlaefli.MovieLib.Windows.csproj", "{D66C0851-CD5B-486D-A5D2-B35EB6650E24}"
EndProject
Project("{FAE04EC0-301F-11D3-BF4B-00C04F79EFBC}") = "CadeSchlaefli.MovieLib", "CadeSchlaefli.MovieLib\CadeSchlaefli.MovieLib.csproj", "{91683230-F52B-4D79-BD6B-7DEED5B84752}"
EndProject
Project("{FAE04EC0-301F-11D3-BF4B-00C04F79EFBC}") = "CadeSchlaefli.MovieLib.Data.Memory", "CadeSchlaefli.MovieLib.Data.Memory\CadeSchlaefli.MovieLib.Data.Memory\CadeSchlaefli.MovieLib.Data.Memory.csproj", "{7E5E4A95-FD95-4111-A850-04871B083845}"
EndProject
Project("{00D1A9C2-B5F0-4AF3-8072-F6C62B433612}") = "MovieDatabase", "MovieDatabase\MovieDatabase.sqlproj", "{D336CD26-C9B8-4B7F-83E7-2F951DF1FABC}"
EndProject
Project("{FAE04EC0-301F-11D3-BF4B-00C04F79EFBC}") = "CadeSchlaefli.Data.Sql", "CadeSchlaefli.Data.Sql\CadeSchlaefli.Data.Sql.csproj", "{6B3BEC09-7E7A-4748-95A8-B634B6785918}"
EndProject
Global
	GlobalSection(SolutionConfigurationPlatforms) = preSolution
		Debug|Any CPU = Debug|Any CPU
		Release|Any CPU = Release|Any CPU
	EndGlobalSection
	GlobalSection(ProjectConfigurationPlatforms) = postSolution
		{D66C0851-CD5B-486D-A5D2-B35EB6650E24}.Debug|Any CPU.ActiveCfg = Debug|Any CPU
		{D66C0851-CD5B-486D-A5D2-B35EB6650E24}.Debug|Any CPU.Build.0 = Debug|Any CPU
		{D66C0851-CD5B-486D-A5D2-B35EB6650E24}.Release|Any CPU.ActiveCfg = Release|Any CPU
		{D66C0851-CD5B-486D-A5D2-B35EB6650E24}.Release|Any CPU.Build.0 = Release|Any CPU
		{91683230-F52B-4D79-BD6B-7DEED5B84752}.Debug|Any CPU.ActiveCfg = Debug|Any CPU
		{91683230-F52B-4D79-BD6B-7DEED5B84752}.Debug|Any CPU.Build.0 = Debug|Any CPU
		{91683230-F52B-4D79-BD6B-7DEED5B84752}.Release|Any CPU.ActiveCfg = Release|Any CPU
		{91683230-F52B-4D79-BD6B-7DEED5B84752}.Release|Any CPU.Build.0 = Release|Any CPU
		{7E5E4A95-FD95-4111-A850-04871B083845}.Debug|Any CPU.ActiveCfg = Debug|Any CPU
		{7E5E4A95-FD95-4111-A850-04871B083845}.Debug|Any CPU.Build.0 = Debug|Any CPU
		{7E5E4A95-FD95-4111-A850-04871B083845}.Release|Any CPU.ActiveCfg = Release|Any CPU
		{7E5E4A95-FD95-4111-A850-04871B083845}.Release|Any CPU.Build.0 = Release|Any CPU
		{D336CD26-C9B8-4B7F-83E7-2F951DF1FABC}.Debug|Any CPU.ActiveCfg = Debug|Any CPU
		{D336CD26-C9B8-4B7F-83E7-2F951DF1FABC}.Debug|Any CPU.Build.0 = Debug|Any CPU
		{D336CD26-C9B8-4B7F-83E7-2F951DF1FABC}.Debug|Any CPU.Deploy.0 = Debug|Any CPU
		{D336CD26-C9B8-4B7F-83E7-2F951DF1FABC}.Release|Any CPU.ActiveCfg = Release|Any CPU
		{D336CD26-C9B8-4B7F-83E7-2F951DF1FABC}.Release|Any CPU.Build.0 = Release|Any CPU
		{D336CD26-C9B8-4B7F-83E7-2F951DF1FABC}.Release|Any CPU.Deploy.0 = Release|Any CPU
		{6B3BEC09-7E7A-4748-95A8-B634B6785918}.Debug|Any CPU.ActiveCfg = Debug|Any CPU
		{6B3BEC09-7E7A-4748-95A8-B634B6785918}.Debug|Any CPU.Build.0 = Debug|Any CPU
		{6B3BEC09-7E7A-4748-95A8-B634B6785918}.Release|Any CPU.ActiveCfg = Release|Any CPU
		{6B3BEC09-7E7A-4748-95A8-B634B6785918}.Release|Any CPU.Build.0 = Release|Any CPU
	EndGlobalSection
	GlobalSection(SolutionProperties) = preSolution
		HideSolutionNode = FALSE
	EndGlobalSection
	GlobalSection(ExtensibilityGlobals) = postSolution
		SolutionGuid = {1E0E3FFA-5EC4-4683-BBA0-F22C158256C3}
	EndGlobalSection
EndGlobal
